
Microsoft Visual Studio Solution File, Format Version 12.00
# Visual Studio Version 16
VisualStudioVersion = 16.0.30114.105
MinimumVisualStudioVersion = 10.0.40219.1
Project("{2150E333-8FDC-42A3-9474-1A3956D46DE8}") = "src", "src", "{413F1E25-1735-441E-A349-B76F9B229AD5}"
EndProject
Project("{FAE04EC0-301F-11D3-BF4B-00C04F79EFBC}") = "SimpleAPI", "src\SimpleAPI\SimpleAPI.csproj", "{8B63CEB0-45EF-4885-90C7-3141F66D2971}"
EndProject
Project("{2150E333-8FDC-42A3-9474-1A3956D46DE8}") = "test", "test", "{04A5237B-43E3-4A21-8BB4-262AFE8C7BC9}"
EndProject
Project("{FAE04EC0-301F-11D3-BF4B-00C04F79EFBC}") = "SimpleAPI.test", "test\SimpleAPI.Test\SimpleAPI.test.csproj", "{DA920F2E-78AE-48B9-AAE9-2C8638B58028}"
EndProject
Global
	GlobalSection(SolutionConfigurationPlatforms) = preSolution
		Debug|Any CPU = Debug|Any CPU
		Release|Any CPU = Release|Any CPU
	EndGlobalSection
	GlobalSection(SolutionProperties) = preSolution
		HideSolutionNode = FALSE
	EndGlobalSection
	GlobalSection(ProjectConfigurationPlatforms) = postSolution
		{8B63CEB0-45EF-4885-90C7-3141F66D2971}.Debug|Any CPU.ActiveCfg = Debug|Any CPU
		{8B63CEB0-45EF-4885-90C7-3141F66D2971}.Debug|Any CPU.Build.0 = Debug|Any CPU
		{8B63CEB0-45EF-4885-90C7-3141F66D2971}.Release|Any CPU.ActiveCfg = Release|Any CPU
		{8B63CEB0-45EF-4885-90C7-3141F66D2971}.Release|Any CPU.Build.0 = Release|Any CPU
		{DA920F2E-78AE-48B9-AAE9-2C8638B58028}.Debug|Any CPU.ActiveCfg = Debug|Any CPU
		{DA920F2E-78AE-48B9-AAE9-2C8638B58028}.Debug|Any CPU.Build.0 = Debug|Any CPU
		{DA920F2E-78AE-48B9-AAE9-2C8638B58028}.Release|Any CPU.ActiveCfg = Release|Any CPU
		{DA920F2E-78AE-48B9-AAE9-2C8638B58028}.Release|Any CPU.Build.0 = Release|Any CPU
	EndGlobalSection
	GlobalSection(NestedProjects) = preSolution
		{8B63CEB0-45EF-4885-90C7-3141F66D2971} = {413F1E25-1735-441E-A349-B76F9B229AD5}
		{DA920F2E-78AE-48B9-AAE9-2C8638B58028} = {04A5237B-43E3-4A21-8BB4-262AFE8C7BC9}
	EndGlobalSection
EndGlobal
